<?xml version="1.0" encoding="UTF-8" standalone="yes" ?>
<CodeBlocks_project_file>
	<FileVersion major="1" minor="6" />
	<Project>
		<Option title="UFPB_Simulator" />
		<Option makefile="makefile" />
		<Option pch_mode="2" />
		<Option compiler="gcc" />
		<Build>
			<Target title="Debug">
				<Option output="bin/Debug/UFPB_Simulator" prefix_auto="1" extension_auto="1" />
				<Option object_output="obj/Debug/" />
				<Option type="1" />
				<Option compiler="gcc" />
				<Compiler>
					<Add option="-g" />
				</Compiler>
			</Target>
			<Target title="Release">
				<Option output="bin/Release/UFPB_Simulator" prefix_auto="1" extension_auto="1" />
				<Option object_output="obj/Release/" />
				<Option type="1" />
				<Option compiler="gcc" />
				<Compiler>
					<Add option="-O2" />
				</Compiler>
				<Linker>
					<Add option="-s" />
				</Linker>
			</Target>
		</Build>
		<Compiler>
			<Add option="-Wall" />
		</Compiler>
		<Unit filename="abrir_fechar.c">
			<Option compilerVar="CC" />
		</Unit>
		<Unit filename="abrir_fechar.h" />
		<Unit filename="alcance.c">
			<Option compilerVar="CC" />
		</Unit>
		<Unit filename="alcance.h" />
		<Unit filename="comandos.txt" />
		<Unit filename="comparar.c">
			<Option compilerVar="CC" />
		</Unit>
		<Unit filename="comparar.h" />
		<Unit filename="inventory.c">
			<Option compilerVar="CC" />
		</Unit>
		<Unit filename="inventory.h" />
		<Unit filename="inventory2.c">
			<Option compilerVar="CC" />
		</Unit>
		<Unit filename="inventory2.h" />
		<Unit filename="locais.c">
			<Option compilerVar="CC" />
		</Unit>
		<Unit filename="locais.h" />
		<Unit filename="main.c">
			<Option compilerVar="CC" />
		</Unit>
		<Unit filename="makefile" />
		<Unit filename="misc.c">
			<Option compilerVar="CC" />
		</Unit>
		<Unit filename="misc.h" />
		<Unit filename="movimento.c">
			<Option compilerVar="CC" />
		</Unit>
		<Unit filename="movimento.h" />
		<Unit filename="objetos.c">
			<Option compilerVar="CC" />
		</Unit>
		<Unit filename="objetos.h" />
		<Unit filename="objetos.txt" />
		<Unit filename="parsexec.c">
			<Option compilerVar="CC" />
		</Unit>
		<Unit filename="parsexec.h" />
		<Unit filename="substantivo.c">
			<Option compilerVar="CC" />
		</Unit>
		<Unit filename="substantivo.h" />
		<Unit filename="survive.c">
			<Option compilerVar="CC" />
		</Unit>
		<Unit filename="survive.h" />
		<Unit filename="toggle.c">
			<Option compilerVar="CC" />
		</Unit>
		<Unit filename="toggle.h" />
		<Unit filename="tutorial.c">
			<Option compilerVar="CC" />
			<Option target="&lt;{~None~}&gt;" />
		</Unit>
		<Unit filename="tutorial.h">
			<Option target="&lt;{~None~}&gt;" />
		</Unit>
		<Extensions>
			<lib_finder disable_auto="1" />
		</Extensions>
	</Project>
</CodeBlocks_project_file>
